
Microsoft Visual Studio Solution File, Format Version 12.00
# Visual Studio Version 17
VisualStudioVersion = 17.5.33424.131
MinimumVisualStudioVersion = 10.0.40219.1
Project("{8BC9CEB8-8B4A-11D0-8D11-00A0C91BC942}") = "github test", "github test.vcxproj", "{712C7314-6CF9-4B9F-B4C6-717ECE3A060F}"
EndProject
Global
	GlobalSection(SolutionConfigurationPlatforms) = preSolution
		Debug|x64 = Debug|x64
		Debug|x86 = Debug|x86
		Release|x64 = Release|x64
		Release|x86 = Release|x86
	EndGlobalSection
	GlobalSection(ProjectConfigurationPlatforms) = postSolution
		{712C7314-6CF9-4B9F-B4C6-717ECE3A060F}.Debug|x64.ActiveCfg = Debug|x64
		{712C7314-6CF9-4B9F-B4C6-717ECE3A060F}.Debug|x64.Build.0 = Debug|x64
		{712C7314-6CF9-4B9F-B4C6-717ECE3A060F}.Debug|x86.ActiveCfg = Debug|Win32
		{712C7314-6CF9-4B9F-B4C6-717ECE3A060F}.Debug|x86.Build.0 = Debug|Win32
		{712C7314-6CF9-4B9F-B4C6-717ECE3A060F}.Release|x64.ActiveCfg = Release|x64
		{712C7314-6CF9-4B9F-B4C6-717ECE3A060F}.Release|x64.Build.0 = Release|x64
		{712C7314-6CF9-4B9F-B4C6-717ECE3A060F}.Release|x86.ActiveCfg = Release|Win32
		{712C7314-6CF9-4B9F-B4C6-717ECE3A060F}.Release|x86.Build.0 = Release|Win32
	EndGlobalSection
	GlobalSection(SolutionProperties) = preSolution
		HideSolutionNode = FALSE
	EndGlobalSection
	GlobalSection(ExtensibilityGlobals) = postSolution
		SolutionGuid = {F08DD226-26E5-4726-9CE3-FDB6AF9D450D}
	EndGlobalSection
EndGlobal
